
Microsoft Visual Studio Solution File, Format Version 12.00
# Visual Studio Version 17
VisualStudioVersion = 17.0.31903.59
MinimumVisualStudioVersion = 10.0.40219.1
Project("{2150E333-8FDC-42A3-9474-1A3956D46DE8}") = "src", "src", "{827E0CD3-B72D-47B6-A68D-7590B98EB39B}"
EndProject
Project("{2150E333-8FDC-42A3-9474-1A3956D46DE8}") = "Datas", "Datas", "{7E97E62F-2DAE-79AD-8691-700A2A999038}"
EndProject
Project("{FAE04EC0-301F-11D3-BF4B-00C04F79EFBC}") = "FormatosData.Console", "src\Datas\FormatosData.Console\FormatosData.Console.csproj", "{0B1219FD-13C3-4BCB-82C7-EFC8EF5F6881}"
EndProject
Project("{2150E333-8FDC-42A3-9474-1A3956D46DE8}") = "EntradaSaida", "EntradaSaida", "{B2F13ABC-6B87-9CFC-4BB7-B45A20067915}"
EndProject
Project("{FAE04EC0-301F-11D3-BF4B-00C04F79EFBC}") = "BoasVindas.Console", "src\EntradaSaida\BoasVindas.Console\BoasVindas.Console.csproj", "{CAC61D63-08BC-46A4-A690-A14C681381EA}"
EndProject
Project("{FAE04EC0-301F-11D3-BF4B-00C04F79EFBC}") = "NomeCompleto.Console", "src\EntradaSaida\NomeCompleto.Console\NomeCompleto.Console.csproj", "{CCEEE75A-D2CF-47B4-8FC5-833F2681448B}"
EndProject
Project("{2150E333-8FDC-42A3-9474-1A3956D46DE8}") = "Numeros", "Numeros", "{665B0ACF-2612-7813-DD3C-AAADE4C5A6FF}"
EndProject
Project("{FAE04EC0-301F-11D3-BF4B-00C04F79EFBC}") = "OperacoesDouble.Console", "src\Numeros\OperacoesDouble.Console\OperacoesDouble.Console.csproj", "{12537F0E-0DBE-4845-BCD7-EF1B7928A8D3}"
EndProject
Project("{2150E333-8FDC-42A3-9474-1A3956D46DE8}") = "Strings", "Strings", "{8AE92C54-8B67-8B52-4F49-98E1A99CF3BA}"
EndProject
Project("{FAE04EC0-301F-11D3-BF4B-00C04F79EFBC}") = "ContadorCaracteres.Console", "src\Strings\ContadorCaracteres.Console\ContadorCaracteres.Console.csproj", "{8DD223A8-B577-4273-95D7-614468E7F987}"
EndProject
Project("{2150E333-8FDC-42A3-9474-1A3956D46DE8}") = "Validacoes", "Validacoes", "{7C34B7F0-BF12-0C00-7031-16A7858E6AE2}"
EndProject
Project("{FAE04EC0-301F-11D3-BF4B-00C04F79EFBC}") = "ValidadorPlaca.Console", "src\Validacoes\ValidadorPlaca.Console\ValidadorPlaca.Console.csproj", "{C95979ED-FA33-4098-9156-126E7C44DB31}"
EndProject
Global
	GlobalSection(SolutionConfigurationPlatforms) = preSolution
		Debug|Any CPU = Debug|Any CPU
		Debug|x64 = Debug|x64
		Debug|x86 = Debug|x86
		Release|Any CPU = Release|Any CPU
		Release|x64 = Release|x64
		Release|x86 = Release|x86
	EndGlobalSection
	GlobalSection(ProjectConfigurationPlatforms) = postSolution
		{0B1219FD-13C3-4BCB-82C7-EFC8EF5F6881}.Debug|Any CPU.ActiveCfg = Debug|Any CPU
		{0B1219FD-13C3-4BCB-82C7-EFC8EF5F6881}.Debug|Any CPU.Build.0 = Debug|Any CPU
		{0B1219FD-13C3-4BCB-82C7-EFC8EF5F6881}.Debug|x64.ActiveCfg = Debug|Any CPU
		{0B1219FD-13C3-4BCB-82C7-EFC8EF5F6881}.Debug|x64.Build.0 = Debug|Any CPU
		{0B1219FD-13C3-4BCB-82C7-EFC8EF5F6881}.Debug|x86.ActiveCfg = Debug|Any CPU
		{0B1219FD-13C3-4BCB-82C7-EFC8EF5F6881}.Debug|x86.Build.0 = Debug|Any CPU
		{0B1219FD-13C3-4BCB-82C7-EFC8EF5F6881}.Release|Any CPU.ActiveCfg = Release|Any CPU
		{0B1219FD-13C3-4BCB-82C7-EFC8EF5F6881}.Release|Any CPU.Build.0 = Release|Any CPU
		{0B1219FD-13C3-4BCB-82C7-EFC8EF5F6881}.Release|x64.ActiveCfg = Release|Any CPU
		{0B1219FD-13C3-4BCB-82C7-EFC8EF5F6881}.Release|x64.Build.0 = Release|Any CPU
		{0B1219FD-13C3-4BCB-82C7-EFC8EF5F6881}.Release|x86.ActiveCfg = Release|Any CPU
		{0B1219FD-13C3-4BCB-82C7-EFC8EF5F6881}.Release|x86.Build.0 = Release|Any CPU
		{CAC61D63-08BC-46A4-A690-A14C681381EA}.Debug|Any CPU.ActiveCfg = Debug|Any CPU
		{CAC61D63-08BC-46A4-A690-A14C681381EA}.Debug|Any CPU.Build.0 = Debug|Any CPU
		{CAC61D63-08BC-46A4-A690-A14C681381EA}.Debug|x64.ActiveCfg = Debug|Any CPU
		{CAC61D63-08BC-46A4-A690-A14C681381EA}.Debug|x64.Build.0 = Debug|Any CPU
		{CAC61D63-08BC-46A4-A690-A14C681381EA}.Debug|x86.ActiveCfg = Debug|Any CPU
		{CAC61D63-08BC-46A4-A690-A14C681381EA}.Debug|x86.Build.0 = Debug|Any CPU
		{CAC61D63-08BC-46A4-A690-A14C681381EA}.Release|Any CPU.ActiveCfg = Release|Any CPU
		{CAC61D63-08BC-46A4-A690-A14C681381EA}.Release|Any CPU.Build.0 = Release|Any CPU
		{CAC61D63-08BC-46A4-A690-A14C681381EA}.Release|x64.ActiveCfg = Release|Any CPU
		{CAC61D63-08BC-46A4-A690-A14C681381EA}.Release|x64.Build.0 = Release|Any CPU
		{CAC61D63-08BC-46A4-A690-A14C681381EA}.Release|x86.ActiveCfg = Release|Any CPU
		{CAC61D63-08BC-46A4-A690-A14C681381EA}.Release|x86.Build.0 = Release|Any CPU
		{CCEEE75A-D2CF-47B4-8FC5-833F2681448B}.Debug|Any CPU.ActiveCfg = Debug|Any CPU
		{CCEEE75A-D2CF-47B4-8FC5-833F2681448B}.Debug|Any CPU.Build.0 = Debug|Any CPU
		{CCEEE75A-D2CF-47B4-8FC5-833F2681448B}.Debug|x64.ActiveCfg = Debug|Any CPU
		{CCEEE75A-D2CF-47B4-8FC5-833F2681448B}.Debug|x64.Build.0 = Debug|Any CPU
		{CCEEE75A-D2CF-47B4-8FC5-833F2681448B}.Debug|x86.ActiveCfg = Debug|Any CPU
		{CCEEE75A-D2CF-47B4-8FC5-833F2681448B}.Debug|x86.Build.0 = Debug|Any CPU
		{CCEEE75A-D2CF-47B4-8FC5-833F2681448B}.Release|Any CPU.ActiveCfg = Release|Any CPU
		{CCEEE75A-D2CF-47B4-8FC5-833F2681448B}.Release|Any CPU.Build.0 = Release|Any CPU
		{CCEEE75A-D2CF-47B4-8FC5-833F2681448B}.Release|x64.ActiveCfg = Release|Any CPU
		{CCEEE75A-D2CF-47B4-8FC5-833F2681448B}.Release|x64.Build.0 = Release|Any CPU
		{CCEEE75A-D2CF-47B4-8FC5-833F2681448B}.Release|x86.ActiveCfg = Release|Any CPU
		{CCEEE75A-D2CF-47B4-8FC5-833F2681448B}.Release|x86.Build.0 = Release|Any CPU
		{12537F0E-0DBE-4845-BCD7-EF1B7928A8D3}.Debug|Any CPU.ActiveCfg = Debug|Any CPU
		{12537F0E-0DBE-4845-BCD7-EF1B7928A8D3}.Debug|Any CPU.Build.0 = Debug|Any CPU
		{12537F0E-0DBE-4845-BCD7-EF1B7928A8D3}.Debug|x64.ActiveCfg = Debug|Any CPU
		{12537F0E-0DBE-4845-BCD7-EF1B7928A8D3}.Debug|x64.Build.0 = Debug|Any CPU
		{12537F0E-0DBE-4845-BCD7-EF1B7928A8D3}.Debug|x86.ActiveCfg = Debug|Any CPU
		{12537F0E-0DBE-4845-BCD7-EF1B7928A8D3}.Debug|x86.Build.0 = Debug|Any CPU
		{12537F0E-0DBE-4845-BCD7-EF1B7928A8D3}.Release|Any CPU.ActiveCfg = Release|Any CPU
		{12537F0E-0DBE-4845-BCD7-EF1B7928A8D3}.Release|Any CPU.Build.0 = Release|Any CPU
		{12537F0E-0DBE-4845-BCD7-EF1B7928A8D3}.Release|x64.ActiveCfg = Release|Any CPU
		{12537F0E-0DBE-4845-BCD7-EF1B7928A8D3}.Release|x64.Build.0 = Release|Any CPU
		{12537F0E-0DBE-4845-BCD7-EF1B7928A8D3}.Release|x86.ActiveCfg = Release|Any CPU
		{12537F0E-0DBE-4845-BCD7-EF1B7928A8D3}.Release|x86.Build.0 = Release|Any CPU
		{8DD223A8-B577-4273-95D7-614468E7F987}.Debug|Any CPU.ActiveCfg = Debug|Any CPU
		{8DD223A8-B577-4273-95D7-614468E7F987}.Debug|Any CPU.Build.0 = Debug|Any CPU
		{8DD223A8-B577-4273-95D7-614468E7F987}.Debug|x64.ActiveCfg = Debug|Any CPU
		{8DD223A8-B577-4273-95D7-614468E7F987}.Debug|x64.Build.0 = Debug|Any CPU
		{8DD223A8-B577-4273-95D7-614468E7F987}.Debug|x86.ActiveCfg = Debug|Any CPU
		{8DD223A8-B577-4273-95D7-614468E7F987}.Debug|x86.Build.0 = Debug|Any CPU
		{8DD223A8-B577-4273-95D7-614468E7F987}.Release|Any CPU.ActiveCfg = Release|Any CPU
		{8DD223A8-B577-4273-95D7-614468E7F987}.Release|Any CPU.Build.0 = Release|Any CPU
		{8DD223A8-B577-4273-95D7-614468E7F987}.Release|x64.ActiveCfg = Release|Any CPU
		{8DD223A8-B577-4273-95D7-614468E7F987}.Release|x64.Build.0 = Release|Any CPU
		{8DD223A8-B577-4273-95D7-614468E7F987}.Release|x86.ActiveCfg = Release|Any CPU
		{8DD223A8-B577-4273-95D7-614468E7F987}.Release|x86.Build.0 = Release|Any CPU
		{C95979ED-FA33-4098-9156-126E7C44DB31}.Debug|Any CPU.ActiveCfg = Debug|Any CPU
		{C95979ED-FA33-4098-9156-126E7C44DB31}.Debug|Any CPU.Build.0 = Debug|Any CPU
		{C95979ED-FA33-4098-9156-126E7C44DB31}.Debug|x64.ActiveCfg = Debug|Any CPU
		{C95979ED-FA33-4098-9156-126E7C44DB31}.Debug|x64.Build.0 = Debug|Any CPU
		{C95979ED-FA33-4098-9156-126E7C44DB31}.Debug|x86.ActiveCfg = Debug|Any CPU
		{C95979ED-FA33-4098-9156-126E7C44DB31}.Debug|x86.Build.0 = Debug|Any CPU
		{C95979ED-FA33-4098-9156-126E7C44DB31}.Release|Any CPU.ActiveCfg = Release|Any CPU
		{C95979ED-FA33-4098-9156-126E7C44DB31}.Release|Any CPU.Build.0 = Release|Any CPU
		{C95979ED-FA33-4098-9156-126E7C44DB31}.Release|x64.ActiveCfg = Release|Any CPU
		{C95979ED-FA33-4098-9156-126E7C44DB31}.Release|x64.Build.0 = Release|Any CPU
		{C95979ED-FA33-4098-9156-126E7C44DB31}.Release|x86.ActiveCfg = Release|Any CPU
		{C95979ED-FA33-4098-9156-126E7C44DB31}.Release|x86.Build.0 = Release|Any CPU
	EndGlobalSection
	GlobalSection(SolutionProperties) = preSolution
		HideSolutionNode = FALSE
	EndGlobalSection
	GlobalSection(NestedProjects) = preSolution
		{7E97E62F-2DAE-79AD-8691-700A2A999038} = {827E0CD3-B72D-47B6-A68D-7590B98EB39B}
		{0B1219FD-13C3-4BCB-82C7-EFC8EF5F6881} = {7E97E62F-2DAE-79AD-8691-700A2A999038}
		{B2F13ABC-6B87-9CFC-4BB7-B45A20067915} = {827E0CD3-B72D-47B6-A68D-7590B98EB39B}
		{CAC61D63-08BC-46A4-A690-A14C681381EA} = {B2F13ABC-6B87-9CFC-4BB7-B45A20067915}
		{CCEEE75A-D2CF-47B4-8FC5-833F2681448B} = {B2F13ABC-6B87-9CFC-4BB7-B45A20067915}
		{665B0ACF-2612-7813-DD3C-AAADE4C5A6FF} = {827E0CD3-B72D-47B6-A68D-7590B98EB39B}
		{12537F0E-0DBE-4845-BCD7-EF1B7928A8D3} = {665B0ACF-2612-7813-DD3C-AAADE4C5A6FF}
		{8AE92C54-8B67-8B52-4F49-98E1A99CF3BA} = {827E0CD3-B72D-47B6-A68D-7590B98EB39B}
		{8DD223A8-B577-4273-95D7-614468E7F987} = {8AE92C54-8B67-8B52-4F49-98E1A99CF3BA}
		{7C34B7F0-BF12-0C00-7031-16A7858E6AE2} = {827E0CD3-B72D-47B6-A68D-7590B98EB39B}
		{C95979ED-FA33-4098-9156-126E7C44DB31} = {7C34B7F0-BF12-0C00-7031-16A7858E6AE2}
	EndGlobalSection
EndGlobal
